
Microsoft Visual Studio Solution File, Format Version 12.00
# Visual Studio Version 17
VisualStudioVersion = 17.6.33723.286
MinimumVisualStudioVersion = 10.0.40219.1
Project("{FAE04EC0-301F-11D3-BF4B-00C04F79EFBC}") = "CallServe.Core", "CallServe.Core\CallServe.Core.csproj", "{9BFD7F72-9920-4869-A34C-E8C1879B636E}"
EndProject
Project("{FAE04EC0-301F-11D3-BF4B-00C04F79EFBC}") = "CallServe.Service", "CallServe.Service\CallServe.Service.csproj", "{313969E7-9A55-4E71-8C8D-2D45E776FBA7}"
EndProject
Project("{FAE04EC0-301F-11D3-BF4B-00C04F79EFBC}") = "CallServe.API", "CallServe.API\CallServe.API.csproj", "{C21135F0-5CF5-40BB-BE8C-D4B32B7E44EA}"
EndProject
Project("{FAE04EC0-301F-11D3-BF4B-00C04F79EFBC}") = "CallServe.Test", "CallServe.Test\CallServe.Test.csproj", "{B04C2D79-78E5-4529-A5D9-74F303F0104A}"
EndProject
Project("{FAE04EC0-301F-11D3-BF4B-00C04F79EFBC}") = "CallServe.UI", "CallServe.UI\CallServe.UI.csproj", "{7FFA208B-9E61-4A94-BF50-F51C65D83E9C}"
EndProject
Global
	GlobalSection(SolutionConfigurationPlatforms) = preSolution
		Debug|Any CPU = Debug|Any CPU
		Release|Any CPU = Release|Any CPU
	EndGlobalSection
	GlobalSection(ProjectConfigurationPlatforms) = postSolution
		{9BFD7F72-9920-4869-A34C-E8C1879B636E}.Debug|Any CPU.ActiveCfg = Debug|Any CPU
		{9BFD7F72-9920-4869-A34C-E8C1879B636E}.Debug|Any CPU.Build.0 = Debug|Any CPU
		{9BFD7F72-9920-4869-A34C-E8C1879B636E}.Release|Any CPU.ActiveCfg = Release|Any CPU
		{9BFD7F72-9920-4869-A34C-E8C1879B636E}.Release|Any CPU.Build.0 = Release|Any CPU
		{313969E7-9A55-4E71-8C8D-2D45E776FBA7}.Debug|Any CPU.ActiveCfg = Debug|Any CPU
		{313969E7-9A55-4E71-8C8D-2D45E776FBA7}.Debug|Any CPU.Build.0 = Debug|Any CPU
		{313969E7-9A55-4E71-8C8D-2D45E776FBA7}.Release|Any CPU.ActiveCfg = Release|Any CPU
		{313969E7-9A55-4E71-8C8D-2D45E776FBA7}.Release|Any CPU.Build.0 = Release|Any CPU
		{C21135F0-5CF5-40BB-BE8C-D4B32B7E44EA}.Debug|Any CPU.ActiveCfg = Debug|Any CPU
		{C21135F0-5CF5-40BB-BE8C-D4B32B7E44EA}.Debug|Any CPU.Build.0 = Debug|Any CPU
		{C21135F0-5CF5-40BB-BE8C-D4B32B7E44EA}.Release|Any CPU.ActiveCfg = Release|Any CPU
		{C21135F0-5CF5-40BB-BE8C-D4B32B7E44EA}.Release|Any CPU.Build.0 = Release|Any CPU
		{B04C2D79-78E5-4529-A5D9-74F303F0104A}.Debug|Any CPU.ActiveCfg = Debug|Any CPU
		{B04C2D79-78E5-4529-A5D9-74F303F0104A}.Debug|Any CPU.Build.0 = Debug|Any CPU
		{B04C2D79-78E5-4529-A5D9-74F303F0104A}.Release|Any CPU.ActiveCfg = Release|Any CPU
		{B04C2D79-78E5-4529-A5D9-74F303F0104A}.Release|Any CPU.Build.0 = Release|Any CPU
		{7FFA208B-9E61-4A94-BF50-F51C65D83E9C}.Debug|Any CPU.ActiveCfg = Debug|Any CPU
		{7FFA208B-9E61-4A94-BF50-F51C65D83E9C}.Debug|Any CPU.Build.0 = Debug|Any CPU
		{7FFA208B-9E61-4A94-BF50-F51C65D83E9C}.Release|Any CPU.ActiveCfg = Release|Any CPU
		{7FFA208B-9E61-4A94-BF50-F51C65D83E9C}.Release|Any CPU.Build.0 = Release|Any CPU
	EndGlobalSection
	GlobalSection(SolutionProperties) = preSolution
		HideSolutionNode = FALSE
	EndGlobalSection
	GlobalSection(ExtensibilityGlobals) = postSolution
		SolutionGuid = {C4A68014-6198-4647-9995-769A33230F44}
	EndGlobalSection
EndGlobal
